
Microsoft Visual Studio Solution File, Format Version 12.00
# Visual Studio Version 17
VisualStudioVersion = 17.0.31903.59
MinimumVisualStudioVersion = 10.0.40219.1
Project("{2150E333-8FDC-42A3-9474-1A3956D46DE8}") = "PropostaService", "PropostaService", "{12908AE1-9F35-CC6E-6A6B-D40B7CA86BDA}"
EndProject
Project("{2150E333-8FDC-42A3-9474-1A3956D46DE8}") = "Domain", "Domain", "{8EB8327B-5A52-70CF-91BE-FF6FBE718D50}"
EndProject
Project("{FAE04EC0-301F-11D3-BF4B-00C04F79EFBC}") = "PropostaService.Domain", "PropostaService\Domain\PropostaService.Domain.csproj", "{DC0D3321-2DF8-4DA5-8BDC-046F237AFE4E}"
EndProject
Project("{FAE04EC0-301F-11D3-BF4B-00C04F79EFBC}") = "PropostaService.Application", "PropostaService\Application\PropostaService.Application.csproj", "{347A6EB9-32C5-494A-AAA2-4D85BC257370}"
EndProject
Project("{FAE04EC0-301F-11D3-BF4B-00C04F79EFBC}") = "PropostaService.Infrastructure", "PropostaService\Infrastructure\PropostaService.Infrastructure.csproj", "{166CDE6A-1CDA-46AE-BC62-4EFFAB6F8C27}"
EndProject
Project("{FAE04EC0-301F-11D3-BF4B-00C04F79EFBC}") = "PropostaService.Api", "PropostaService\Api\PropostaService.Api.csproj", "{8AEB2D48-601B-45E5-B59A-0ADDCE15AA7C}"
EndProject
Project("{FAE04EC0-301F-11D3-BF4B-00C04F79EFBC}") = "ContratacaoService.Domain", "ContratacaoService\Domain\ContratacaoService.Domain.csproj", "{DB6C151A-7541-4844-83A0-9DDBA04B47F7}"
EndProject
Project("{FAE04EC0-301F-11D3-BF4B-00C04F79EFBC}") = "ContratacaoService.Application", "ContratacaoService\Application\ContratacaoService.Application.csproj", "{AAC7CBC8-0883-48D0-9B26-74EC79CA8EB3}"
EndProject
Project("{FAE04EC0-301F-11D3-BF4B-00C04F79EFBC}") = "ContratacaoService.Infrastructure", "ContratacaoService\Infrastructure\ContratacaoService.Infrastructure.csproj", "{4A97B0D8-6A82-45D1-9E03-775DAF9FEB53}"
EndProject
Project("{FAE04EC0-301F-11D3-BF4B-00C04F79EFBC}") = "ContratacaoService.Api", "ContratacaoService\Api\ContratacaoService.Api.csproj", "{A9223ECE-3C86-4F66-9E3B-95A05750FE89}"
EndProject
Global
	GlobalSection(SolutionConfigurationPlatforms) = preSolution
		Debug|Any CPU = Debug|Any CPU
		Debug|x64 = Debug|x64
		Debug|x86 = Debug|x86
		Release|Any CPU = Release|Any CPU
		Release|x64 = Release|x64
		Release|x86 = Release|x86
	EndGlobalSection
	GlobalSection(ProjectConfigurationPlatforms) = postSolution
		{DC0D3321-2DF8-4DA5-8BDC-046F237AFE4E}.Debug|Any CPU.ActiveCfg = Debug|Any CPU
		{DC0D3321-2DF8-4DA5-8BDC-046F237AFE4E}.Debug|Any CPU.Build.0 = Debug|Any CPU
		{DC0D3321-2DF8-4DA5-8BDC-046F237AFE4E}.Debug|x64.ActiveCfg = Debug|Any CPU
		{DC0D3321-2DF8-4DA5-8BDC-046F237AFE4E}.Debug|x64.Build.0 = Debug|Any CPU
		{DC0D3321-2DF8-4DA5-8BDC-046F237AFE4E}.Debug|x86.ActiveCfg = Debug|Any CPU
		{DC0D3321-2DF8-4DA5-8BDC-046F237AFE4E}.Debug|x86.Build.0 = Debug|Any CPU
		{DC0D3321-2DF8-4DA5-8BDC-046F237AFE4E}.Release|Any CPU.ActiveCfg = Release|Any CPU
		{DC0D3321-2DF8-4DA5-8BDC-046F237AFE4E}.Release|Any CPU.Build.0 = Release|Any CPU
		{DC0D3321-2DF8-4DA5-8BDC-046F237AFE4E}.Release|x64.ActiveCfg = Release|Any CPU
		{DC0D3321-2DF8-4DA5-8BDC-046F237AFE4E}.Release|x64.Build.0 = Release|Any CPU
		{DC0D3321-2DF8-4DA5-8BDC-046F237AFE4E}.Release|x86.ActiveCfg = Release|Any CPU
		{DC0D3321-2DF8-4DA5-8BDC-046F237AFE4E}.Release|x86.Build.0 = Release|Any CPU
		{347A6EB9-32C5-494A-AAA2-4D85BC257370}.Debug|Any CPU.ActiveCfg = Debug|Any CPU
		{347A6EB9-32C5-494A-AAA2-4D85BC257370}.Debug|Any CPU.Build.0 = Debug|Any CPU
		{347A6EB9-32C5-494A-AAA2-4D85BC257370}.Debug|x64.ActiveCfg = Debug|Any CPU
		{347A6EB9-32C5-494A-AAA2-4D85BC257370}.Debug|x64.Build.0 = Debug|Any CPU
		{347A6EB9-32C5-494A-AAA2-4D85BC257370}.Debug|x86.ActiveCfg = Debug|Any CPU
		{347A6EB9-32C5-494A-AAA2-4D85BC257370}.Debug|x86.Build.0 = Debug|Any CPU
		{347A6EB9-32C5-494A-AAA2-4D85BC257370}.Release|Any CPU.ActiveCfg = Release|Any CPU
		{347A6EB9-32C5-494A-AAA2-4D85BC257370}.Release|Any CPU.Build.0 = Release|Any CPU
		{347A6EB9-32C5-494A-AAA2-4D85BC257370}.Release|x64.ActiveCfg = Release|Any CPU
		{347A6EB9-32C5-494A-AAA2-4D85BC257370}.Release|x64.Build.0 = Release|Any CPU
		{347A6EB9-32C5-494A-AAA2-4D85BC257370}.Release|x86.ActiveCfg = Release|Any CPU
		{347A6EB9-32C5-494A-AAA2-4D85BC257370}.Release|x86.Build.0 = Release|Any CPU
		{166CDE6A-1CDA-46AE-BC62-4EFFAB6F8C27}.Debug|Any CPU.ActiveCfg = Debug|Any CPU
		{166CDE6A-1CDA-46AE-BC62-4EFFAB6F8C27}.Debug|Any CPU.Build.0 = Debug|Any CPU
		{166CDE6A-1CDA-46AE-BC62-4EFFAB6F8C27}.Debug|x64.ActiveCfg = Debug|Any CPU
		{166CDE6A-1CDA-46AE-BC62-4EFFAB6F8C27}.Debug|x64.Build.0 = Debug|Any CPU
		{166CDE6A-1CDA-46AE-BC62-4EFFAB6F8C27}.Debug|x86.ActiveCfg = Debug|Any CPU
		{166CDE6A-1CDA-46AE-BC62-4EFFAB6F8C27}.Debug|x86.Build.0 = Debug|Any CPU
		{166CDE6A-1CDA-46AE-BC62-4EFFAB6F8C27}.Release|Any CPU.ActiveCfg = Release|Any CPU
		{166CDE6A-1CDA-46AE-BC62-4EFFAB6F8C27}.Release|Any CPU.Build.0 = Release|Any CPU
		{166CDE6A-1CDA-46AE-BC62-4EFFAB6F8C27}.Release|x64.ActiveCfg = Release|Any CPU
		{166CDE6A-1CDA-46AE-BC62-4EFFAB6F8C27}.Release|x64.Build.0 = Release|Any CPU
		{166CDE6A-1CDA-46AE-BC62-4EFFAB6F8C27}.Release|x86.ActiveCfg = Release|Any CPU
		{166CDE6A-1CDA-46AE-BC62-4EFFAB6F8C27}.Release|x86.Build.0 = Release|Any CPU
		{8AEB2D48-601B-45E5-B59A-0ADDCE15AA7C}.Debug|Any CPU.ActiveCfg = Debug|Any CPU
		{8AEB2D48-601B-45E5-B59A-0ADDCE15AA7C}.Debug|Any CPU.Build.0 = Debug|Any CPU
		{8AEB2D48-601B-45E5-B59A-0ADDCE15AA7C}.Debug|x64.ActiveCfg = Debug|Any CPU
		{8AEB2D48-601B-45E5-B59A-0ADDCE15AA7C}.Debug|x64.Build.0 = Debug|Any CPU
		{8AEB2D48-601B-45E5-B59A-0ADDCE15AA7C}.Debug|x86.ActiveCfg = Debug|Any CPU
		{8AEB2D48-601B-45E5-B59A-0ADDCE15AA7C}.Debug|x86.Build.0 = Debug|Any CPU
		{8AEB2D48-601B-45E5-B59A-0ADDCE15AA7C}.Release|Any CPU.ActiveCfg = Release|Any CPU
		{8AEB2D48-601B-45E5-B59A-0ADDCE15AA7C}.Release|Any CPU.Build.0 = Release|Any CPU
		{8AEB2D48-601B-45E5-B59A-0ADDCE15AA7C}.Release|x64.ActiveCfg = Release|Any CPU
		{8AEB2D48-601B-45E5-B59A-0ADDCE15AA7C}.Release|x64.Build.0 = Release|Any CPU
		{8AEB2D48-601B-45E5-B59A-0ADDCE15AA7C}.Release|x86.ActiveCfg = Release|Any CPU
		{8AEB2D48-601B-45E5-B59A-0ADDCE15AA7C}.Release|x86.Build.0 = Release|Any CPU
		{DB6C151A-7541-4844-83A0-9DDBA04B47F7}.Debug|Any CPU.ActiveCfg = Debug|Any CPU
		{DB6C151A-7541-4844-83A0-9DDBA04B47F7}.Debug|Any CPU.Build.0 = Debug|Any CPU
		{DB6C151A-7541-4844-83A0-9DDBA04B47F7}.Debug|x64.ActiveCfg = Debug|Any CPU
		{DB6C151A-7541-4844-83A0-9DDBA04B47F7}.Debug|x64.Build.0 = Debug|Any CPU
		{DB6C151A-7541-4844-83A0-9DDBA04B47F7}.Debug|x86.ActiveCfg = Debug|Any CPU
		{DB6C151A-7541-4844-83A0-9DDBA04B47F7}.Debug|x86.Build.0 = Debug|Any CPU
		{DB6C151A-7541-4844-83A0-9DDBA04B47F7}.Release|Any CPU.ActiveCfg = Release|Any CPU
		{DB6C151A-7541-4844-83A0-9DDBA04B47F7}.Release|Any CPU.Build.0 = Release|Any CPU
		{DB6C151A-7541-4844-83A0-9DDBA04B47F7}.Release|x64.ActiveCfg = Release|Any CPU
		{DB6C151A-7541-4844-83A0-9DDBA04B47F7}.Release|x64.Build.0 = Release|Any CPU
		{DB6C151A-7541-4844-83A0-9DDBA04B47F7}.Release|x86.ActiveCfg = Release|Any CPU
		{DB6C151A-7541-4844-83A0-9DDBA04B47F7}.Release|x86.Build.0 = Release|Any CPU
		{AAC7CBC8-0883-48D0-9B26-74EC79CA8EB3}.Debug|Any CPU.ActiveCfg = Debug|Any CPU
		{AAC7CBC8-0883-48D0-9B26-74EC79CA8EB3}.Debug|Any CPU.Build.0 = Debug|Any CPU
		{AAC7CBC8-0883-48D0-9B26-74EC79CA8EB3}.Debug|x64.ActiveCfg = Debug|Any CPU
		{AAC7CBC8-0883-48D0-9B26-74EC79CA8EB3}.Debug|x64.Build.0 = Debug|Any CPU
		{AAC7CBC8-0883-48D0-9B26-74EC79CA8EB3}.Debug|x86.ActiveCfg = Debug|Any CPU
		{AAC7CBC8-0883-48D0-9B26-74EC79CA8EB3}.Debug|x86.Build.0 = Debug|Any CPU
		{AAC7CBC8-0883-48D0-9B26-74EC79CA8EB3}.Release|Any CPU.ActiveCfg = Release|Any CPU
		{AAC7CBC8-0883-48D0-9B26-74EC79CA8EB3}.Release|Any CPU.Build.0 = Release|Any CPU
		{AAC7CBC8-0883-48D0-9B26-74EC79CA8EB3}.Release|x64.ActiveCfg = Release|Any CPU
		{AAC7CBC8-0883-48D0-9B26-74EC79CA8EB3}.Release|x64.Build.0 = Release|Any CPU
		{AAC7CBC8-0883-48D0-9B26-74EC79CA8EB3}.Release|x86.ActiveCfg = Release|Any CPU
		{AAC7CBC8-0883-48D0-9B26-74EC79CA8EB3}.Release|x86.Build.0 = Release|Any CPU
		{4A97B0D8-6A82-45D1-9E03-775DAF9FEB53}.Debug|Any CPU.ActiveCfg = Debug|Any CPU
		{4A97B0D8-6A82-45D1-9E03-775DAF9FEB53}.Debug|Any CPU.Build.0 = Debug|Any CPU
		{4A97B0D8-6A82-45D1-9E03-775DAF9FEB53}.Debug|x64.ActiveCfg = Debug|Any CPU
		{4A97B0D8-6A82-45D1-9E03-775DAF9FEB53}.Debug|x64.Build.0 = Debug|Any CPU
		{4A97B0D8-6A82-45D1-9E03-775DAF9FEB53}.Debug|x86.ActiveCfg = Debug|Any CPU
		{4A97B0D8-6A82-45D1-9E03-775DAF9FEB53}.Debug|x86.Build.0 = Debug|Any CPU
		{4A97B0D8-6A82-45D1-9E03-775DAF9FEB53}.Release|Any CPU.ActiveCfg = Release|Any CPU
		{4A97B0D8-6A82-45D1-9E03-775DAF9FEB53}.Release|Any CPU.Build.0 = Release|Any CPU
		{4A97B0D8-6A82-45D1-9E03-775DAF9FEB53}.Release|x64.ActiveCfg = Release|Any CPU
		{4A97B0D8-6A82-45D1-9E03-775DAF9FEB53}.Release|x64.Build.0 = Release|Any CPU
		{4A97B0D8-6A82-45D1-9E03-775DAF9FEB53}.Release|x86.ActiveCfg = Release|Any CPU
		{4A97B0D8-6A82-45D1-9E03-775DAF9FEB53}.Release|x86.Build.0 = Release|Any CPU
		{A9223ECE-3C86-4F66-9E3B-95A05750FE89}.Debug|Any CPU.ActiveCfg = Debug|Any CPU
		{A9223ECE-3C86-4F66-9E3B-95A05750FE89}.Debug|Any CPU.Build.0 = Debug|Any CPU
		{A9223ECE-3C86-4F66-9E3B-95A05750FE89}.Debug|x64.ActiveCfg = Debug|Any CPU
		{A9223ECE-3C86-4F66-9E3B-95A05750FE89}.Debug|x64.Build.0 = Debug|Any CPU
		{A9223ECE-3C86-4F66-9E3B-95A05750FE89}.Debug|x86.ActiveCfg = Debug|Any CPU
		{A9223ECE-3C86-4F66-9E3B-95A05750FE89}.Debug|x86.Build.0 = Debug|Any CPU
		{A9223ECE-3C86-4F66-9E3B-95A05750FE89}.Release|Any CPU.ActiveCfg = Release|Any CPU
		{A9223ECE-3C86-4F66-9E3B-95A05750FE89}.Release|Any CPU.Build.0 = Release|Any CPU
		{A9223ECE-3C86-4F66-9E3B-95A05750FE89}.Release|x64.ActiveCfg = Release|Any CPU
		{A9223ECE-3C86-4F66-9E3B-95A05750FE89}.Release|x64.Build.0 = Release|Any CPU
		{A9223ECE-3C86-4F66-9E3B-95A05750FE89}.Release|x86.ActiveCfg = Release|Any CPU
		{A9223ECE-3C86-4F66-9E3B-95A05750FE89}.Release|x86.Build.0 = Release|Any CPU
	EndGlobalSection
	GlobalSection(SolutionProperties) = preSolution
		HideSolutionNode = FALSE
	EndGlobalSection
	GlobalSection(NestedProjects) = preSolution
		{8EB8327B-5A52-70CF-91BE-FF6FBE718D50} = {12908AE1-9F35-CC6E-6A6B-D40B7CA86BDA}
		{DC0D3321-2DF8-4DA5-8BDC-046F237AFE4E} = {8EB8327B-5A52-70CF-91BE-FF6FBE718D50}
		{347A6EB9-32C5-494A-AAA2-4D85BC257370} = {8EB8327B-5A52-70CF-91BE-FF6FBE718D50}
		{166CDE6A-1CDA-46AE-BC62-4EFFAB6F8C27} = {8EB8327B-5A52-70CF-91BE-FF6FBE718D50}
		{8AEB2D48-601B-45E5-B59A-0ADDCE15AA7C} = {8EB8327B-5A52-70CF-91BE-FF6FBE718D50}
		{DB6C151A-7541-4844-83A0-9DDBA04B47F7} = {8EB8327B-5A52-70CF-91BE-FF6FBE718D50}
		{AAC7CBC8-0883-48D0-9B26-74EC79CA8EB3} = {8EB8327B-5A52-70CF-91BE-FF6FBE718D50}
		{4A97B0D8-6A82-45D1-9E03-775DAF9FEB53} = {8EB8327B-5A52-70CF-91BE-FF6FBE718D50}
		{A9223ECE-3C86-4F66-9E3B-95A05750FE89} = {8EB8327B-5A52-70CF-91BE-FF6FBE718D50}
	EndGlobalSection
EndGlobal
